
Microsoft Visual Studio Solution File, Format Version 12.00
# Visual Studio Version 17
VisualStudioVersion = 17.8.34330.188
MinimumVisualStudioVersion = 10.0.40219.1
Project("{FAE04EC0-301F-11D3-BF4B-00C04F79EFBC}") = "Week13SQLiteD8", "Week13SQLiteD8\Week13SQLiteD8.csproj", "{8940D097-2058-4004-8A98-0DA548ACA549}"
EndProject
Global
	GlobalSection(SolutionConfigurationPlatforms) = preSolution
		Debug|Any CPU = Debug|Any CPU
		Release|Any CPU = Release|Any CPU
	EndGlobalSection
	GlobalSection(ProjectConfigurationPlatforms) = postSolution
		{8940D097-2058-4004-8A98-0DA548ACA549}.Debug|Any CPU.ActiveCfg = Debug|Any CPU
		{8940D097-2058-4004-8A98-0DA548ACA549}.Debug|Any CPU.Build.0 = Debug|Any CPU
		{8940D097-2058-4004-8A98-0DA548ACA549}.Release|Any CPU.ActiveCfg = Release|Any CPU
		{8940D097-2058-4004-8A98-0DA548ACA549}.Release|Any CPU.Build.0 = Release|Any CPU
	EndGlobalSection
	GlobalSection(SolutionProperties) = preSolution
		HideSolutionNode = FALSE
	EndGlobalSection
	GlobalSection(ExtensibilityGlobals) = postSolution
		SolutionGuid = {89A9FD41-80D1-4F2F-8D50-DED8B7A7EABD}
	EndGlobalSection
EndGlobal
